{
  "object": {
    "pins": [
      {
        "package": "DragAbleView",
        "repositoryURL": "https://github.com/pkh0225/DragAbleView.git",
        "state": {
          "branch": null,
          "revision": "c32da313948fb8a1f7ca7f93603cce5dbc9ef0be",
          "version": "0.1.2"
        }
      }
    ]
  },
  "version": 1
}
